// !$*UTF8*$!
{
	archiveVersion = 1;
	classes = {
	};
	objectVersion = 56;
	objects = {

/* Begin PBXBuildFile section */
		A1156D2F2AD0954C00081313 /* TemplateManager.swift in Sources */ = {isa = PBXBuildFile; fileRef = A1156D2E2AD0954C00081313 /* TemplateManager.swift */; };
		A1156D312AD09FDD00081313 /* PromptTemplateTests.swift in Sources */ = {isa = PBXBuildFile; fileRef = A1156D302AD09FDD00081313 /* PromptTemplateTests.swift */; };
		A1156D342AD1F5EF00081313 /* Templates.swift in Sources */ = {isa = PBXBuildFile; fileRef = A1156D332AD1F5EF00081313 /* Templates.swift */; };
		A1156D362AD5AB8700081313 /* EditFormat.swift in Sources */ = {isa = PBXBuildFile; fileRef = A1156D352AD5AB8700081313 /* EditFormat.swift */; };
		A1156D382AD5E75A00081313 /* EnumMap.swift in Sources */ = {isa = PBXBuildFile; fileRef = A1156D372AD5E75A00081313 /* EnumMap.swift */; };
		A117219C2A7D7B70003B0358 /* MarkdownUI in Frameworks */ = {isa = PBXBuildFile; productRef = A117219B2A7D7B70003B0358 /* MarkdownUI */; };
		A12B52DE2AA5228100658707 /* EditModels.swift in Sources */ = {isa = PBXBuildFile; fileRef = A12B52DD2AA5228100658707 /* EditModels.swift */; };
		A12B52E42AA5A99E00658707 /* EditSystemPrompt.swift in Sources */ = {isa = PBXBuildFile; fileRef = A12B52E32AA5A99E00658707 /* EditSystemPrompt.swift */; };
		A12FAAEC2AC5E0C0006ACC43 /* WelcomeSheet.swift in Sources */ = {isa = PBXBuildFile; fileRef = A12FAAEB2AC5E0C0006ACC43 /* WelcomeSheet.swift */; };
		A12FAAF02AC638DE006ACC43 /* DownloadManager.swift in Sources */ = {isa = PBXBuildFile; fileRef = A12FAAEF2AC638DE006ACC43 /* DownloadManager.swift */; };
		A137A37C2AB3D26C00BE1AE0 /* ObservableScrollView.swift in Sources */ = {isa = PBXBuildFile; fileRef = A137A37B2AB3D26C00BE1AE0 /* ObservableScrollView.swift */; };
		A137A3842AB4FDAD00BE1AE0 /* freechat-server in Embed helper tools */ = {isa = PBXBuildFile; fileRef = A137A3822AB4FD4800BE1AE0 /* freechat-server */; settings = {ATTRIBUTES = (CodeSignOnCopy, ); }; };
		A137A38C2AB6B2F800BE1AE0 /* KeyboardShortcuts in Frameworks */ = {isa = PBXBuildFile; productRef = A137A38B2AB6B2F800BE1AE0 /* KeyboardShortcuts */; };
		A137A38E2AB6B52400BE1AE0 /* Constants.swift in Sources */ = {isa = PBXBuildFile; fileRef = A137A38D2AB6B52400BE1AE0 /* Constants.swift */; };
		A13C8C5A2A8FEEE400EC18D8 /* SplashCodeSyntaxHighlighter.swift in Sources */ = {isa = PBXBuildFile; fileRef = A13C8C592A8FEEE400EC18D8 /* SplashCodeSyntaxHighlighter.swift */; };
		A13C8C5D2A8FEF0600EC18D8 /* Splash in Frameworks */ = {isa = PBXBuildFile; productRef = A13C8C5C2A8FEF0600EC18D8 /* Splash */; };
		A13C8C602A8FF03800EC18D8 /* TextOutputFormat.swift in Sources */ = {isa = PBXBuildFile; fileRef = A13C8C5F2A8FF03800EC18D8 /* TextOutputFormat.swift */; };
		A13C8C622A8FF27000EC18D8 /* Theme+FreeChat.swift in Sources */ = {isa = PBXBuildFile; fileRef = A13C8C612A8FF27000EC18D8 /* Theme+FreeChat.swift */; };
		A13C8C662A9027A200EC18D8 /* CopyButton.swift in Sources */ = {isa = PBXBuildFile; fileRef = A13C8C652A9027A200EC18D8 /* CopyButton.swift */; };
		A13C8C682A902A1200EC18D8 /* CGKeycode+Extensions.swift in Sources */ = {isa = PBXBuildFile; fileRef = A13C8C672A902A1200EC18D8 /* CGKeycode+Extensions.swift */; };
		A1506D742B0026B4002194F2 /* FeedbackButton.swift in Sources */ = {isa = PBXBuildFile; fileRef = A1506D732B0026B4002194F2 /* FeedbackButton.swift */; };
		A15C684A2BC7176E0012084E /* ggml-metal-embed.metal in Sources */ = {isa = PBXBuildFile; fileRef = A15C68492BC7176E0012084E /* ggml-metal-embed.metal */; };
		A15D50CF2A7EF73E00FC1681 /* MessageTextField.swift in Sources */ = {isa = PBXBuildFile; fileRef = A15D50CE2A7EF73E00FC1681 /* MessageTextField.swift */; };
		A15D50D22A7F539800FC1681 /* NavList.swift in Sources */ = {isa = PBXBuildFile; fileRef = A15D50D12A7F539800FC1681 /* NavList.swift */; };
		A15D50D42A80BCA900FC1681 /* SettingsView.swift in Sources */ = {isa = PBXBuildFile; fileRef = A15D50D32A80BCA900FC1681 /* SettingsView.swift */; };
		A16FFF8B2B2E35D200E6AAE2 /* GPU.swift in Sources */ = {isa = PBXBuildFile; fileRef = A16FFF8A2B2E35D200E6AAE2 /* GPU.swift */; };
		A17A2E182A79A006006CDD90 /* Agent.swift in Sources */ = {isa = PBXBuildFile; fileRef = A17A2E122A79A005006CDD90 /* Agent.swift */; };
		A17A2E192A79A006006CDD90 /* LlamaServer.swift in Sources */ = {isa = PBXBuildFile; fileRef = A17A2E132A79A005006CDD90 /* LlamaServer.swift */; };
		A17A2E1F2A79A075006CDD90 /* EventSource in Frameworks */ = {isa = PBXBuildFile; productRef = A17A2E1E2A79A075006CDD90 /* EventSource */; };
		A17AB1C22ABB4B5E00CD3100 /* CircleMenuStyle.swift in Sources */ = {isa = PBXBuildFile; fileRef = A17AB1C12ABB4B5E00CD3100 /* CircleMenuStyle.swift */; };
		A18A8BAF2B155FC000D2197C /* Network.swift in Sources */ = {isa = PBXBuildFile; fileRef = A18A8BAE2B155FC000D2197C /* Network.swift */; };
		A18A8BB32B24FC0400D2197C /* AISettingsView.swift in Sources */ = {isa = PBXBuildFile; fileRef = A18A8BB22B24FC0400D2197C /* AISettingsView.swift */; };
		A18A8BB52B24FC0F00D2197C /* UISettingsView.swift in Sources */ = {isa = PBXBuildFile; fileRef = A18A8BB42B24FC0F00D2197C /* UISettingsView.swift */; };
		A19AA5222AA667BE009D9573 /* QuickPromptButton.swift in Sources */ = {isa = PBXBuildFile; fileRef = A19AA5212AA667BE009D9573 /* QuickPromptButton.swift */; };
		A1A286E82A7D8A7D0004967A /* MessageView.swift in Sources */ = {isa = PBXBuildFile; fileRef = A1A286E72A7D8A7D0004967A /* MessageView.swift */; };
		A1A286F52A7E17750004967A /* main.swift in Sources */ = {isa = PBXBuildFile; fileRef = A1A286F42A7E17750004967A /* main.swift */; };
		A1A286FD2A7E1E460004967A /* server-watchdog in Embed helper tools */ = {isa = PBXBuildFile; fileRef = A1A286F22A7E17750004967A /* server-watchdog */; settings = {ATTRIBUTES = (CodeSignOnCopy, ); }; };
		A1CA32442AAF877600F9D488 /* ConversationManager.swift in Sources */ = {isa = PBXBuildFile; fileRef = A1CA32432AAF877600F9D488 /* ConversationManager.swift */; };
		A1D4B49D2B9A780B00B9C4BE /* AgentDefaults.swift in Sources */ = {isa = PBXBuildFile; fileRef = A1D4B49C2B9A780B00B9C4BE /* AgentDefaults.swift */; };
		A1E4A6942A82B41F00BF9D34 /* Model+Extensions.swift in Sources */ = {isa = PBXBuildFile; fileRef = A1E4A6932A82B41F00BF9D34 /* Model+Extensions.swift */; };
		A1F617262A782AA100F2048C /* FreeChat.swift in Sources */ = {isa = PBXBuildFile; fileRef = A1F617252A782AA100F2048C /* FreeChat.swift */; };
		A1F617282A782AA100F2048C /* ContentView.swift in Sources */ = {isa = PBXBuildFile; fileRef = A1F617272A782AA100F2048C /* ContentView.swift */; };
		A1F6172A2A782AA200F2048C /* Assets.xcassets in Resources */ = {isa = PBXBuildFile; fileRef = A1F617292A782AA200F2048C /* Assets.xcassets */; };
		A1F6172D2A782AA200F2048C /* Preview Assets.xcassets in Resources */ = {isa = PBXBuildFile; fileRef = A1F6172C2A782AA200F2048C /* Preview Assets.xcassets */; };
		A1F6172F2A782AA200F2048C /* Persistence.swift in Sources */ = {isa = PBXBuildFile; fileRef = A1F6172E2A782AA200F2048C /* Persistence.swift */; };
		A1F617322A782AA200F2048C /* Chats.xcdatamodeld in Sources */ = {isa = PBXBuildFile; fileRef = A1F617302A782AA200F2048C /* Chats.xcdatamodeld */; };
		A1F617472A782AA200F2048C /* FreeChatUITests.swift in Sources */ = {isa = PBXBuildFile; fileRef = A1F617462A782AA200F2048C /* FreeChatUITests.swift */; };
		A1F617492A782AA200F2048C /* FreeChatUITestsLaunchTests.swift in Sources */ = {isa = PBXBuildFile; fileRef = A1F617482A782AA200F2048C /* FreeChatUITestsLaunchTests.swift */; };
		A1F617562A782E4F00F2048C /* ConversationView.swift in Sources */ = {isa = PBXBuildFile; fileRef = A1F617552A782E4F00F2048C /* ConversationView.swift */; };
		A1F617582A7836AE00F2048C /* Message+Extensions.swift in Sources */ = {isa = PBXBuildFile; fileRef = A1F617572A7836AE00F2048C /* Message+Extensions.swift */; };
		A1F6175B2A7838F700F2048C /* Conversation+Extensions.swift in Sources */ = {isa = PBXBuildFile; fileRef = A1F6175A2A7838F700F2048C /* Conversation+Extensions.swift */; };
		DEA8CF572B51938B007A4CE7 /* FreeChatAppDelegate.swift in Sources */ = {isa = PBXBuildFile; fileRef = DEA8CF562B51938B007A4CE7 /* FreeChatAppDelegate.swift */; };
		DEEA39CC2B586F3800992592 /* ServerHealth.swift in Sources */ = {isa = PBXBuildFile; fileRef = DEEA39CB2B586F3800992592 /* ServerHealth.swift */; };
		F1FF9CBF2BD0B15800DDED28 /* ToggleFormattingButton.swift in Sources */ = {isa = PBXBuildFile; fileRef = F1FF9CBE2BD0B15800DDED28 /* ToggleFormattingButton.swift */; };
/* End PBXBuildFile section */

/* Begin PBXContainerItemProxy section */
		A1A286FA2A7E1ACD0004967A /* PBXContainerItemProxy */ = {
			isa = PBXContainerItemProxy;
			containerPortal = A1F6171A2A782AA100F2048C /* Project object */;
			proxyType = 1;
			remoteGlobalIDString = A1A286F12A7E17750004967A;
			remoteInfo = "server-watchdog";
		};
		A1F617392A782AA200F2048C /* PBXContainerItemProxy */ = {
			isa = PBXContainerItemProxy;
			containerPortal = A1F6171A2A782AA100F2048C /* Project object */;
			proxyType = 1;
			remoteGlobalIDString = A1F617212A782AA100F2048C;
			remoteInfo = Mantras;
		};
		A1F617432A782AA200F2048C /* PBXContainerItemProxy */ = {
			isa = PBXContainerItemProxy;
			containerPortal = A1F6171A2A782AA100F2048C /* Project object */;
			proxyType = 1;
			remoteGlobalIDString = A1F617212A782AA100F2048C;
			remoteInfo = Mantras;
		};
/* End PBXContainerItemProxy section */

/* Begin PBXCopyFilesBuildPhase section */
		A19AFCC02A8D631900F96A4D /* Copy Metal */ = {
			isa = PBXCopyFilesBuildPhase;
			buildActionMask = 2147483647;
			dstPath = "";
			dstSubfolderSpec = 7;
			files = (
			);
			name = "Copy Metal";
			runOnlyForDeploymentPostprocessing = 0;
		};
		A1A286F02A7E17750004967A /* CopyFiles */ = {
			isa = PBXCopyFilesBuildPhase;
			buildActionMask = 2147483647;
			dstPath = /usr/share/man/man1/;
			dstSubfolderSpec = 0;
			files = (
			);
			runOnlyForDeploymentPostprocessing = 1;
		};
		A1A286FC2A7E1E2D0004967A /* Embed helper tools */ = {
			isa = PBXCopyFilesBuildPhase;
			buildActionMask = 2147483647;
			dstPath = "";
			dstSubfolderSpec = 6;
			files = (
				A137A3842AB4FDAD00BE1AE0 /* freechat-server in Embed helper tools */,
				A1A286FD2A7E1E460004967A /* server-watchdog in Embed helper tools */,
			);
			name = "Embed helper tools";
			runOnlyForDeploymentPostprocessing = 0;
		};
/* End PBXCopyFilesBuildPhase section */

/* Begin PBXFileReference section */
		A1156D2E2AD0954C00081313 /* TemplateManager.swift */ = {isa = PBXFileReference; lastKnownFileType = sourcecode.swift; path = TemplateManager.swift; sourceTree = "<group>"; };
		A1156D302AD09FDD00081313 /* PromptTemplateTests.swift */ = {isa = PBXFileReference; lastKnownFileType = sourcecode.swift; path = PromptTemplateTests.swift; sourceTree = "<group>"; };
		A1156D332AD1F5EF00081313 /* Templates.swift */ = {isa = PBXFileReference; lastKnownFileType = sourcecode.swift; path = Templates.swift; sourceTree = "<group>"; };
		A1156D352AD5AB8700081313 /* EditFormat.swift */ = {isa = PBXFileReference; lastKnownFileType = sourcecode.swift; path = EditFormat.swift; sourceTree = "<group>"; };
		A1156D372AD5E75A00081313 /* EnumMap.swift */ = {isa = PBXFileReference; lastKnownFileType = sourcecode.swift; path = EnumMap.swift; sourceTree = "<group>"; };
		A12B52DD2AA5228100658707 /* EditModels.swift */ = {isa = PBXFileReference; lastKnownFileType = sourcecode.swift; path = EditModels.swift; sourceTree = "<group>"; };
		A12B52E32AA5A99E00658707 /* EditSystemPrompt.swift */ = {isa = PBXFileReference; lastKnownFileType = sourcecode.swift; path = EditSystemPrompt.swift; sourceTree = "<group>"; };
		A12FAAEB2AC5E0C0006ACC43 /* WelcomeSheet.swift */ = {isa = PBXFileReference; lastKnownFileType = sourcecode.swift; path = WelcomeSheet.swift; sourceTree = "<group>"; };
		A12FAAEF2AC638DE006ACC43 /* DownloadManager.swift */ = {isa = PBXFileReference; lastKnownFileType = sourcecode.swift; path = DownloadManager.swift; sourceTree = "<group>"; };
		A137A37B2AB3D26C00BE1AE0 /* ObservableScrollView.swift */ = {isa = PBXFileReference; lastKnownFileType = sourcecode.swift; path = ObservableScrollView.swift; sourceTree = "<group>"; };
		A137A3822AB4FD4800BE1AE0 /* freechat-server */ = {isa = PBXFileReference; lastKnownFileType = "compiled.mach-o.executable"; path = "freechat-server"; sourceTree = "<group>"; };
		A137A38D2AB6B52400BE1AE0 /* Constants.swift */ = {isa = PBXFileReference; lastKnownFileType = sourcecode.swift; path = Constants.swift; sourceTree = "<group>"; };
		A13C8C592A8FEEE400EC18D8 /* SplashCodeSyntaxHighlighter.swift */ = {isa = PBXFileReference; lastKnownFileType = sourcecode.swift; path = SplashCodeSyntaxHighlighter.swift; sourceTree = "<group>"; };
		A13C8C5F2A8FF03800EC18D8 /* TextOutputFormat.swift */ = {isa = PBXFileReference; lastKnownFileType = sourcecode.swift; path = TextOutputFormat.swift; sourceTree = "<group>"; };
		A13C8C612A8FF27000EC18D8 /* Theme+FreeChat.swift */ = {isa = PBXFileReference; lastKnownFileType = sourcecode.swift; path = "Theme+FreeChat.swift"; sourceTree = "<group>"; };
		A13C8C652A9027A200EC18D8 /* CopyButton.swift */ = {isa = PBXFileReference; lastKnownFileType = sourcecode.swift; path = CopyButton.swift; sourceTree = "<group>"; };
		A13C8C672A902A1200EC18D8 /* CGKeycode+Extensions.swift */ = {isa = PBXFileReference; lastKnownFileType = sourcecode.swift; path = "CGKeycode+Extensions.swift"; sourceTree = "<group>"; };
		A1506D732B0026B4002194F2 /* FeedbackButton.swift */ = {isa = PBXFileReference; lastKnownFileType = sourcecode.swift; path = FeedbackButton.swift; sourceTree = "<group>"; };
		A15C68492BC7176E0012084E /* ggml-metal-embed.metal */ = {isa = PBXFileReference; fileEncoding = 4; lastKnownFileType = sourcecode.metal; name = "ggml-metal-embed.metal"; path = "FreeChat/Models/NPC/ggml-metal-embed.metal"; sourceTree = SOURCE_ROOT; };
		A15D50CE2A7EF73E00FC1681 /* MessageTextField.swift */ = {isa = PBXFileReference; lastKnownFileType = sourcecode.swift; path = MessageTextField.swift; sourceTree = "<group>"; };
		A15D50D12A7F539800FC1681 /* NavList.swift */ = {isa = PBXFileReference; lastKnownFileType = sourcecode.swift; path = NavList.swift; sourceTree = "<group>"; };
		A15D50D32A80BCA900FC1681 /* SettingsView.swift */ = {isa = PBXFileReference; lastKnownFileType = sourcecode.swift; path = SettingsView.swift; sourceTree = "<group>"; };
		A16FFF8A2B2E35D200E6AAE2 /* GPU.swift */ = {isa = PBXFileReference; lastKnownFileType = sourcecode.swift; path = GPU.swift; sourceTree = "<group>"; };
		A17A2E122A79A005006CDD90 /* Agent.swift */ = {isa = PBXFileReference; fileEncoding = 4; lastKnownFileType = sourcecode.swift; path = Agent.swift; sourceTree = "<group>"; };
		A17A2E132A79A005006CDD90 /* LlamaServer.swift */ = {isa = PBXFileReference; fileEncoding = 4; lastKnownFileType = sourcecode.swift; path = LlamaServer.swift; sourceTree = "<group>"; };
		A17AB1BE2AB8FC4300CD3100 /* Info.plist */ = {isa = PBXFileReference; lastKnownFileType = text.plist; path = Info.plist; sourceTree = "<group>"; };
		A17AB1C12ABB4B5E00CD3100 /* CircleMenuStyle.swift */ = {isa = PBXFileReference; fileEncoding = 4; lastKnownFileType = sourcecode.swift; path = CircleMenuStyle.swift; sourceTree = "<group>"; };
		A18A8BAE2B155FC000D2197C /* Network.swift */ = {isa = PBXFileReference; lastKnownFileType = sourcecode.swift; path = Network.swift; sourceTree = "<group>"; };
		A18A8BB22B24FC0400D2197C /* AISettingsView.swift */ = {isa = PBXFileReference; lastKnownFileType = sourcecode.swift; path = AISettingsView.swift; sourceTree = "<group>"; };
		A18A8BB42B24FC0F00D2197C /* UISettingsView.swift */ = {isa = PBXFileReference; lastKnownFileType = sourcecode.swift; path = UISettingsView.swift; sourceTree = "<group>"; };
		A19AA5212AA667BE009D9573 /* QuickPromptButton.swift */ = {isa = PBXFileReference; lastKnownFileType = sourcecode.swift; path = QuickPromptButton.swift; sourceTree = "<group>"; };
		A1A286E72A7D8A7D0004967A /* MessageView.swift */ = {isa = PBXFileReference; lastKnownFileType = sourcecode.swift; path = MessageView.swift; sourceTree = "<group>"; };
		A1A286F22A7E17750004967A /* server-watchdog */ = {isa = PBXFileReference; explicitFileType = "compiled.mach-o.executable"; includeInIndex = 0; path = "server-watchdog"; sourceTree = BUILT_PRODUCTS_DIR; };
		A1A286F42A7E17750004967A /* main.swift */ = {isa = PBXFileReference; lastKnownFileType = sourcecode.swift; path = main.swift; sourceTree = "<group>"; };
		A1A286F92A7E197F0004967A /* README.md */ = {isa = PBXFileReference; lastKnownFileType = net.daringfireball.markdown; path = README.md; sourceTree = "<group>"; };
		A1A286FE2A7E9F280004967A /* server-watchdog.entitlements */ = {isa = PBXFileReference; lastKnownFileType = text.plist.entitlements; path = "server-watchdog.entitlements"; sourceTree = "<group>"; };
		A1CA32432AAF877600F9D488 /* ConversationManager.swift */ = {isa = PBXFileReference; lastKnownFileType = sourcecode.swift; path = ConversationManager.swift; sourceTree = "<group>"; };
		A1D4B49C2B9A780B00B9C4BE /* AgentDefaults.swift */ = {isa = PBXFileReference; lastKnownFileType = sourcecode.swift; path = AgentDefaults.swift; sourceTree = "<group>"; };
		A1E4A6932A82B41F00BF9D34 /* Model+Extensions.swift */ = {isa = PBXFileReference; lastKnownFileType = sourcecode.swift; path = "Model+Extensions.swift"; sourceTree = "<group>"; };
		A1F617222A782AA100F2048C /* FreeChat.app */ = {isa = PBXFileReference; explicitFileType = wrapper.application; includeInIndex = 0; path = FreeChat.app; sourceTree = BUILT_PRODUCTS_DIR; };
		A1F617252A782AA100F2048C /* FreeChat.swift */ = {isa = PBXFileReference; lastKnownFileType = sourcecode.swift; path = FreeChat.swift; sourceTree = "<group>"; };
		A1F617272A782AA100F2048C /* ContentView.swift */ = {isa = PBXFileReference; lastKnownFileType = sourcecode.swift; path = ContentView.swift; sourceTree = "<group>"; };
		A1F617292A782AA200F2048C /* Assets.xcassets */ = {isa = PBXFileReference; lastKnownFileType = folder.assetcatalog; path = Assets.xcassets; sourceTree = "<group>"; };
		A1F6172C2A782AA200F2048C /* Preview Assets.xcassets */ = {isa = PBXFileReference; lastKnownFileType = folder.assetcatalog; path = "Preview Assets.xcassets"; sourceTree = "<group>"; };
		A1F6172E2A782AA200F2048C /* Persistence.swift */ = {isa = PBXFileReference; lastKnownFileType = sourcecode.swift; path = Persistence.swift; sourceTree = "<group>"; };
		A1F617312A782AA200F2048C /* Mantras.xcdatamodel */ = {isa = PBXFileReference; lastKnownFileType = wrapper.xcdatamodel; path = Mantras.xcdatamodel; sourceTree = "<group>"; };
		A1F617332A782AA200F2048C /* FreeChat.entitlements */ = {isa = PBXFileReference; lastKnownFileType = text.plist.entitlements; path = FreeChat.entitlements; sourceTree = "<group>"; };
		A1F617382A782AA200F2048C /* FreeChatTests.xctest */ = {isa = PBXFileReference; explicitFileType = wrapper.cfbundle; includeInIndex = 0; path = FreeChatTests.xctest; sourceTree = BUILT_PRODUCTS_DIR; };
		A1F617422A782AA200F2048C /* FreeChatUITests.xctest */ = {isa = PBXFileReference; explicitFileType = wrapper.cfbundle; includeInIndex = 0; path = FreeChatUITests.xctest; sourceTree = BUILT_PRODUCTS_DIR; };
		A1F617462A782AA200F2048C /* FreeChatUITests.swift */ = {isa = PBXFileReference; lastKnownFileType = sourcecode.swift; path = FreeChatUITests.swift; sourceTree = "<group>"; };
		A1F617482A782AA200F2048C /* FreeChatUITestsLaunchTests.swift */ = {isa = PBXFileReference; lastKnownFileType = sourcecode.swift; path = FreeChatUITestsLaunchTests.swift; sourceTree = "<group>"; };
		A1F617552A782E4F00F2048C /* ConversationView.swift */ = {isa = PBXFileReference; lastKnownFileType = sourcecode.swift; path = ConversationView.swift; sourceTree = "<group>"; };
		A1F617572A7836AE00F2048C /* Message+Extensions.swift */ = {isa = PBXFileReference; lastKnownFileType = sourcecode.swift; path = "Message+Extensions.swift"; sourceTree = "<group>"; };
		A1F6175A2A7838F700F2048C /* Conversation+Extensions.swift */ = {isa = PBXFileReference; lastKnownFileType = sourcecode.swift; path = "Conversation+Extensions.swift"; sourceTree = "<group>"; };
		DEA8CF562B51938B007A4CE7 /* FreeChatAppDelegate.swift */ = {isa = PBXFileReference; fileEncoding = 4; lastKnownFileType = sourcecode.swift; path = FreeChatAppDelegate.swift; sourceTree = "<group>"; };
		DEEA39CB2B586F3800992592 /* ServerHealth.swift */ = {isa = PBXFileReference; lastKnownFileType = sourcecode.swift; path = ServerHealth.swift; sourceTree = "<group>"; };
		F1FF9CBE2BD0B15800DDED28 /* ToggleFormattingButton.swift */ = {isa = PBXFileReference; fileEncoding = 4; lastKnownFileType = sourcecode.swift; path = ToggleFormattingButton.swift; sourceTree = "<group>"; };
/* End PBXFileReference section */

/* Begin PBXFrameworksBuildPhase section */
		A1A286EF2A7E17750004967A /* Frameworks */ = {
			isa = PBXFrameworksBuildPhase;
			buildActionMask = 2147483647;
			files = (
			);
			runOnlyForDeploymentPostprocessing = 0;
		};
		A1F6171F2A782AA100F2048C /* Frameworks */ = {
			isa = PBXFrameworksBuildPhase;
			buildActionMask = 2147483647;
			files = (
				A17A2E1F2A79A075006CDD90 /* EventSource in Frameworks */,
				A137A38C2AB6B2F800BE1AE0 /* KeyboardShortcuts in Frameworks */,
				A117219C2A7D7B70003B0358 /* MarkdownUI in Frameworks */,
				A13C8C5D2A8FEF0600EC18D8 /* Splash in Frameworks */,
			);
			runOnlyForDeploymentPostprocessing = 0;
		};
		A1F617352A782AA200F2048C /* Frameworks */ = {
			isa = PBXFrameworksBuildPhase;
			buildActionMask = 2147483647;
			files = (
			);
			runOnlyForDeploymentPostprocessing = 0;
		};
		A1F6173F2A782AA200F2048C /* Frameworks */ = {
			isa = PBXFrameworksBuildPhase;
			buildActionMask = 2147483647;
			files = (
			);
			runOnlyForDeploymentPostprocessing = 0;
		};
/* End PBXFrameworksBuildPhase section */

/* Begin PBXGroup section */
		A1156D322AD1F5C700081313 /* PromptTemplates */ = {
			isa = PBXGroup;
			children = (
				A1156D2E2AD0954C00081313 /* TemplateManager.swift */,
				A1156D332AD1F5EF00081313 /* Templates.swift */,
				A1156D372AD5E75A00081313 /* EnumMap.swift */,
			);
			path = PromptTemplates;
			sourceTree = "<group>";
		};
		A13C8C5E2A8FF02500EC18D8 /* Markdown */ = {
			isa = PBXGroup;
			children = (
				A13C8C592A8FEEE400EC18D8 /* SplashCodeSyntaxHighlighter.swift */,
				A13C8C5F2A8FF03800EC18D8 /* TextOutputFormat.swift */,
				A13C8C612A8FF27000EC18D8 /* Theme+FreeChat.swift */,
			);
			path = Markdown;
			sourceTree = "<group>";
		};
		A15D50D02A7F49CD00FC1681 /* Views */ = {
			isa = PBXGroup;
			children = (
				A19AA51F2AA66768009D9573 /* ConversationView */,
				A13C8C5E2A8FF02500EC18D8 /* Markdown */,
				A1F617272A782AA100F2048C /* ContentView.swift */,
				A15D50D12A7F539800FC1681 /* NavList.swift */,
				A19AA5202AA66784009D9573 /* Settings */,
				A13C8C652A9027A200EC18D8 /* CopyButton.swift */,
				A13C8C672A902A1200EC18D8 /* CGKeycode+Extensions.swift */,
				A17AB1C12ABB4B5E00CD3100 /* CircleMenuStyle.swift */,
				A12FAAEB2AC5E0C0006ACC43 /* WelcomeSheet.swift */,
			);
			path = Views;
			sourceTree = "<group>";
		};
		A17A2E1B2A79A00D006CDD90 /* NPC */ = {
			isa = PBXGroup;
			children = (
				A1156D322AD1F5C700081313 /* PromptTemplates */,
				A15C68492BC7176E0012084E /* ggml-metal-embed.metal */,
				A17A2E122A79A005006CDD90 /* Agent.swift */,
				A17A2E132A79A005006CDD90 /* LlamaServer.swift */,
				DEEA39CB2B586F3800992592 /* ServerHealth.swift */,
				A137A3822AB4FD4800BE1AE0 /* freechat-server */,
				A1A286F32A7E17750004967A /* server-watchdog */,
				A1A286F92A7E197F0004967A /* README.md */,
				A1D4B49C2B9A780B00B9C4BE /* AgentDefaults.swift */,
			);
			path = NPC;
			sourceTree = "<group>";
		};
		A19AA51F2AA66768009D9573 /* ConversationView */ = {
			isa = PBXGroup;
			children = (
				F1FF9CBE2BD0B15800DDED28 /* ToggleFormattingButton.swift */,
				A1A286E72A7D8A7D0004967A /* MessageView.swift */,
				A1506D732B0026B4002194F2 /* FeedbackButton.swift */,
				A1F617552A782E4F00F2048C /* ConversationView.swift */,
				A15D50CE2A7EF73E00FC1681 /* MessageTextField.swift */,
				A19AA5212AA667BE009D9573 /* QuickPromptButton.swift */,
				A137A37B2AB3D26C00BE1AE0 /* ObservableScrollView.swift */,
			);
			path = ConversationView;
			sourceTree = "<group>";
		};
		A19AA5202AA66784009D9573 /* Settings */ = {
			isa = PBXGroup;
			children = (
				A15D50D32A80BCA900FC1681 /* SettingsView.swift */,
				A18A8BB22B24FC0400D2197C /* AISettingsView.swift */,
				A18A8BB42B24FC0F00D2197C /* UISettingsView.swift */,
				A12B52DD2AA5228100658707 /* EditModels.swift */,
				A12B52E32AA5A99E00658707 /* EditSystemPrompt.swift */,
				A1156D352AD5AB8700081313 /* EditFormat.swift */,
			);
			path = Settings;
			sourceTree = "<group>";
		};
		A1A286F32A7E17750004967A /* server-watchdog */ = {
			isa = PBXGroup;
			children = (
				A1A286F42A7E17750004967A /* main.swift */,
			);
			path = "server-watchdog";
			sourceTree = "<group>";
		};
		A1F617192A782AA100F2048C = {
			isa = PBXGroup;
			children = (
				A1A286FE2A7E9F280004967A /* server-watchdog.entitlements */,
				A1F617242A782AA100F2048C /* FreeChat */,
				A1F6173B2A782AA200F2048C /* FreeChatTests */,
				A1F617452A782AA200F2048C /* FreeChatUITests */,
				A1F617232A782AA100F2048C /* Products */,
			);
			sourceTree = "<group>";
		};
		A1F617232A782AA100F2048C /* Products */ = {
			isa = PBXGroup;
			children = (
				A1F617222A782AA100F2048C /* FreeChat.app */,
				A1F617382A782AA200F2048C /* FreeChatTests.xctest */,
				A1F617422A782AA200F2048C /* FreeChatUITests.xctest */,
				A1A286F22A7E17750004967A /* server-watchdog */,
			);
			name = Products;
			sourceTree = "<group>";
		};
		A1F617242A782AA100F2048C /* FreeChat */ = {
			isa = PBXGroup;
			children = (
				A17AB1BE2AB8FC4300CD3100 /* Info.plist */,
				A15D50D02A7F49CD00FC1681 /* Views */,
				A1F617252A782AA100F2048C /* FreeChat.swift */,
				DEA8CF562B51938B007A4CE7 /* FreeChatAppDelegate.swift */,
				A1F617292A782AA200F2048C /* Assets.xcassets */,
				A1F6172E2A782AA200F2048C /* Persistence.swift */,
				A1F617332A782AA200F2048C /* FreeChat.entitlements */,
				A1F617302A782AA200F2048C /* Chats.xcdatamodeld */,
				A1F6172B2A782AA200F2048C /* Preview Content */,
				A1F617592A7838DB00F2048C /* Models */,
				A137A38D2AB6B52400BE1AE0 /* Constants.swift */,
			);
			path = FreeChat;
			sourceTree = "<group>";
		};
		A1F6172B2A782AA200F2048C /* Preview Content */ = {
			isa = PBXGroup;
			children = (
				A1F6172C2A782AA200F2048C /* Preview Assets.xcassets */,
			);
			path = "Preview Content";
			sourceTree = "<group>";
		};
		A1F6173B2A782AA200F2048C /* FreeChatTests */ = {
			isa = PBXGroup;
			children = (
				A1156D302AD09FDD00081313 /* PromptTemplateTests.swift */,
			);
			path = FreeChatTests;
			sourceTree = "<group>";
		};
		A1F617452A782AA200F2048C /* FreeChatUITests */ = {
			isa = PBXGroup;
			children = (
				A1F617462A782AA200F2048C /* FreeChatUITests.swift */,
				A1F617482A782AA200F2048C /* FreeChatUITestsLaunchTests.swift */,
			);
			path = FreeChatUITests;
			sourceTree = "<group>";
		};
		A1F617592A7838DB00F2048C /* Models */ = {
			isa = PBXGroup;
			children = (
				A17A2E1B2A79A00D006CDD90 /* NPC */,
				A1F617572A7836AE00F2048C /* Message+Extensions.swift */,
				A1F6175A2A7838F700F2048C /* Conversation+Extensions.swift */,
				A1E4A6932A82B41F00BF9D34 /* Model+Extensions.swift */,
				A1CA32432AAF877600F9D488 /* ConversationManager.swift */,
				A12FAAEF2AC638DE006ACC43 /* DownloadManager.swift */,
				A18A8BAE2B155FC000D2197C /* Network.swift */,
				A16FFF8A2B2E35D200E6AAE2 /* GPU.swift */,
			);
			path = Models;
			sourceTree = "<group>";
		};
/* End PBXGroup section */

/* Begin PBXNativeTarget section */
		A1A286F12A7E17750004967A /* server-watchdog */ = {
			isa = PBXNativeTarget;
			buildConfigurationList = A1A286F62A7E17750004967A /* Build configuration list for PBXNativeTarget "server-watchdog" */;
			buildPhases = (
				A1A286EE2A7E17750004967A /* Sources */,
				A1A286EF2A7E17750004967A /* Frameworks */,
				A1A286F02A7E17750004967A /* CopyFiles */,
			);
			buildRules = (
			);
			dependencies = (
			);
			name = "server-watchdog";
			productName = "server-watchdog";
			productReference = A1A286F22A7E17750004967A /* server-watchdog */;
			productType = "com.apple.product-type.tool";
		};
		A1F617212A782AA100F2048C /* FreeChat */ = {
			isa = PBXNativeTarget;
			buildConfigurationList = A1F6174C2A782AA200F2048C /* Build configuration list for PBXNativeTarget "FreeChat" */;
			buildPhases = (
				A1F6171E2A782AA100F2048C /* Sources */,
				A1F6171F2A782AA100F2048C /* Frameworks */,
				A1F617202A782AA100F2048C /* Resources */,
				A1A286FC2A7E1E2D0004967A /* Embed helper tools */,
				A19AFCC02A8D631900F96A4D /* Copy Metal */,
			);
			buildRules = (
			);
			dependencies = (
				A1A286FB2A7E1ACD0004967A /* PBXTargetDependency */,
				A17A2E082A798F4C006CDD90 /* PBXTargetDependency */,
			);
			name = FreeChat;
			packageProductDependencies = (
				A17A2E1E2A79A075006CDD90 /* EventSource */,
				A117219B2A7D7B70003B0358 /* MarkdownUI */,
				A13C8C5C2A8FEF0600EC18D8 /* Splash */,
				A137A38B2AB6B2F800BE1AE0 /* KeyboardShortcuts */,
			);
			productName = Mantras;
			productReference = A1F617222A782AA100F2048C /* FreeChat.app */;
			productType = "com.apple.product-type.application";
		};
		A1F617372A782AA200F2048C /* FreeChatTests */ = {
			isa = PBXNativeTarget;
			buildConfigurationList = A1F6174F2A782AA200F2048C /* Build configuration list for PBXNativeTarget "FreeChatTests" */;
			buildPhases = (
				A1F617342A782AA200F2048C /* Sources */,
				A1F617352A782AA200F2048C /* Frameworks */,
				A1F617362A782AA200F2048C /* Resources */,
			);
			buildRules = (
			);
			dependencies = (
				A1F6173A2A782AA200F2048C /* PBXTargetDependency */,
			);
			name = FreeChatTests;
			productName = MantrasTests;
			productReference = A1F617382A782AA200F2048C /* FreeChatTests.xctest */;
			productType = "com.apple.product-type.bundle.unit-test";
		};
		A1F617412A782AA200F2048C /* FreeChatUITests */ = {
			isa = PBXNativeTarget;
			buildConfigurationList = A1F617522A782AA200F2048C /* Build configuration list for PBXNativeTarget "FreeChatUITests" */;
			buildPhases = (
				A1F6173E2A782AA200F2048C /* Sources */,
				A1F6173F2A782AA200F2048C /* Frameworks */,
				A1F617402A782AA200F2048C /* Resources */,
			);
			buildRules = (
			);
			dependencies = (
				A1F617442A782AA200F2048C /* PBXTargetDependency */,
			);
			name = FreeChatUITests;
			productName = MantrasUITests;
			productReference = A1F617422A782AA200F2048C /* FreeChatUITests.xctest */;
			productType = "com.apple.product-type.bundle.ui-testing";
		};
/* End PBXNativeTarget section */

/* Begin PBXProject section */
		A1F6171A2A782AA100F2048C /* Project object */ = {
			isa = PBXProject;
			attributes = {
				BuildIndependentTargetsInParallel = 1;
				LastSwiftUpdateCheck = 1430;
				LastUpgradeCheck = 1500;
				TargetAttributes = {
					A1A286F12A7E17750004967A = {
						CreatedOnToolsVersion = 14.3.1;
					};
					A1F617212A782AA100F2048C = {
						CreatedOnToolsVersion = 14.3.1;
					};
					A1F617372A782AA200F2048C = {
						CreatedOnToolsVersion = 14.3.1;
						TestTargetID = A1F617212A782AA100F2048C;
					};
					A1F617412A782AA200F2048C = {
						CreatedOnToolsVersion = 14.3.1;
						TestTargetID = A1F617212A782AA100F2048C;
					};
				};
			};
			buildConfigurationList = A1F6171D2A782AA100F2048C /* Build configuration list for PBXProject "FreeChat" */;
			compatibilityVersion = "Xcode 14.0";
			developmentRegion = en;
			hasScannedForEncodings = 0;
			knownRegions = (
				en,
				Base,
			);
			mainGroup = A1F617192A782AA100F2048C;
			packageReferences = (
				A17A2E1D2A79A075006CDD90 /* XCRemoteSwiftPackageReference "EventSource" */,
				A117219A2A7D7B70003B0358 /* XCRemoteSwiftPackageReference "swift-markdown-ui" */,
				A13C8C5B2A8FEF0600EC18D8 /* XCRemoteSwiftPackageReference "Splash" */,
				A137A38A2AB6B2F800BE1AE0 /* XCRemoteSwiftPackageReference "KeyboardShortcuts" */,
			);
			productRefGroup = A1F617232A782AA100F2048C /* Products */;
			projectDirPath = "";
			projectRoot = "";
			targets = (
				A1F617212A782AA100F2048C /* FreeChat */,
				A1F617372A782AA200F2048C /* FreeChatTests */,
				A1F617412A782AA200F2048C /* FreeChatUITests */,
				A1A286F12A7E17750004967A /* server-watchdog */,
			);
		};
/* End PBXProject section */

/* Begin PBXResourcesBuildPhase section */
		A1F617202A782AA100F2048C /* Resources */ = {
			isa = PBXResourcesBuildPhase;
			buildActionMask = 2147483647;
			files = (
				A1F6172D2A782AA200F2048C /* Preview Assets.xcassets in Resources */,
				A1F6172A2A782AA200F2048C /* Assets.xcassets in Resources */,
			);
			runOnlyForDeploymentPostprocessing = 0;
		};
		A1F617362A782AA200F2048C /* Resources */ = {
			isa = PBXResourcesBuildPhase;
			buildActionMask = 2147483647;
			files = (
			);
			runOnlyForDeploymentPostprocessing = 0;
		};
		A1F617402A782AA200F2048C /* Resources */ = {
			isa = PBXResourcesBuildPhase;
			buildActionMask = 2147483647;
			files = (
			);
			runOnlyForDeploymentPostprocessing = 0;
		};
/* End PBXResourcesBuildPhase section */

/* Begin PBXSourcesBuildPhase section */
		A1A286EE2A7E17750004967A /* Sources */ = {
			isa = PBXSourcesBuildPhase;
			buildActionMask = 2147483647;
			files = (
				A1A286F52A7E17750004967A /* main.swift in Sources */,
			);
			runOnlyForDeploymentPostprocessing = 0;
		};
		A1F6171E2A782AA100F2048C /* Sources */ = {
			isa = PBXSourcesBuildPhase;
			buildActionMask = 2147483647;
			files = (
				A137A38E2AB6B52400BE1AE0 /* Constants.swift in Sources */,
				A18A8BB52B24FC0F00D2197C /* UISettingsView.swift in Sources */,
				A13C8C602A8FF03800EC18D8 /* TextOutputFormat.swift in Sources */,
				A1F6175B2A7838F700F2048C /* Conversation+Extensions.swift in Sources */,
				DEA8CF572B51938B007A4CE7 /* FreeChatAppDelegate.swift in Sources */,
				A1156D362AD5AB8700081313 /* EditFormat.swift in Sources */,
				A13C8C622A8FF27000EC18D8 /* Theme+FreeChat.swift in Sources */,
				A1F6172F2A782AA200F2048C /* Persistence.swift in Sources */,
				A12B52E42AA5A99E00658707 /* EditSystemPrompt.swift in Sources */,
				A19AA5222AA667BE009D9573 /* QuickPromptButton.swift in Sources */,
				A1506D742B0026B4002194F2 /* FeedbackButton.swift in Sources */,
				A12FAAF02AC638DE006ACC43 /* DownloadManager.swift in Sources */,
				A18A8BAF2B155FC000D2197C /* Network.swift in Sources */,
				A1F617282A782AA100F2048C /* ContentView.swift in Sources */,
				A1F617322A782AA200F2048C /* Chats.xcdatamodeld in Sources */,
				A1A286E82A7D8A7D0004967A /* MessageView.swift in Sources */,
				A17A2E192A79A006006CDD90 /* LlamaServer.swift in Sources */,
				A1F617582A7836AE00F2048C /* Message+Extensions.swift in Sources */,
				A13C8C682A902A1200EC18D8 /* CGKeycode+Extensions.swift in Sources */,
				A15D50D22A7F539800FC1681 /* NavList.swift in Sources */,
				A1156D342AD1F5EF00081313 /* Templates.swift in Sources */,
				A1D4B49D2B9A780B00B9C4BE /* AgentDefaults.swift in Sources */,
				A1F617262A782AA100F2048C /* FreeChat.swift in Sources */,
				A1156D2F2AD0954C00081313 /* TemplateManager.swift in Sources */,
				A1E4A6942A82B41F00BF9D34 /* Model+Extensions.swift in Sources */,
				A12B52DE2AA5228100658707 /* EditModels.swift in Sources */,
				A17AB1C22ABB4B5E00CD3100 /* CircleMenuStyle.swift in Sources */,
				A15D50CF2A7EF73E00FC1681 /* MessageTextField.swift in Sources */,
				A1CA32442AAF877600F9D488 /* ConversationManager.swift in Sources */,
				A13C8C662A9027A200EC18D8 /* CopyButton.swift in Sources */,
				A17A2E182A79A006006CDD90 /* Agent.swift in Sources */,
				A12FAAEC2AC5E0C0006ACC43 /* WelcomeSheet.swift in Sources */,
				DEEA39CC2B586F3800992592 /* ServerHealth.swift in Sources */,
				A1156D382AD5E75A00081313 /* EnumMap.swift in Sources */,
				A137A37C2AB3D26C00BE1AE0 /* ObservableScrollView.swift in Sources */,
				A16FFF8B2B2E35D200E6AAE2 /* GPU.swift in Sources */,
				A18A8BB32B24FC0400D2197C /* AISettingsView.swift in Sources */,
				A1F617562A782E4F00F2048C /* ConversationView.swift in Sources */,
				F1FF9CBF2BD0B15800DDED28 /* ToggleFormattingButton.swift in Sources */,
				A13C8C5A2A8FEEE400EC18D8 /* SplashCodeSyntaxHighlighter.swift in Sources */,
				A15C684A2BC7176E0012084E /* ggml-metal-embed.metal in Sources */,
				A15D50D42A80BCA900FC1681 /* SettingsView.swift in Sources */,
			);
			runOnlyForDeploymentPostprocessing = 0;
		};
		A1F617342A782AA200F2048C /* Sources */ = {
			isa = PBXSourcesBuildPhase;
			buildActionMask = 2147483647;
			files = (
				A1156D312AD09FDD00081313 /* PromptTemplateTests.swift in Sources */,
			);
			runOnlyForDeploymentPostprocessing = 0;
		};
		A1F6173E2A782AA200F2048C /* Sources */ = {
			isa = PBXSourcesBuildPhase;
			buildActionMask = 2147483647;
			files = (
				A1F617472A782AA200F2048C /* FreeChatUITests.swift in Sources */,
				A1F617492A782AA200F2048C /* FreeChatUITestsLaunchTests.swift in Sources */,
			);
			runOnlyForDeploymentPostprocessing = 0;
		};
/* End PBXSourcesBuildPhase section */

/* Begin PBXTargetDependency section */
		A17A2E082A798F4C006CDD90 /* PBXTargetDependency */ = {
			isa = PBXTargetDependency;
			productRef = A17A2E072A798F4C006CDD90 /* NPC */;
		};
		A1A286FB2A7E1ACD0004967A /* PBXTargetDependency */ = {
			isa = PBXTargetDependency;
			target = A1A286F12A7E17750004967A /* server-watchdog */;
			targetProxy = A1A286FA2A7E1ACD0004967A /* PBXContainerItemProxy */;
		};
		A1F6173A2A782AA200F2048C /* PBXTargetDependency */ = {
			isa = PBXTargetDependency;
			target = A1F617212A782AA100F2048C /* FreeChat */;
			targetProxy = A1F617392A782AA200F2048C /* PBXContainerItemProxy */;
		};
		A1F617442A782AA200F2048C /* PBXTargetDependency */ = {
			isa = PBXTargetDependency;
			target = A1F617212A782AA100F2048C /* FreeChat */;
			targetProxy = A1F617432A782AA200F2048C /* PBXContainerItemProxy */;
		};
/* End PBXTargetDependency section */

/* Begin XCBuildConfiguration section */
		A1A286F72A7E17750004967A /* Debug */ = {
			isa = XCBuildConfiguration;
			buildSettings = {
				CODE_SIGN_ENTITLEMENTS = "server-watchdog.entitlements";
				"CODE_SIGN_IDENTITY[sdk=macosx*]" = "Apple Development";
				CODE_SIGN_INJECT_BASE_ENTITLEMENTS = NO;
				CODE_SIGN_STYLE = Automatic;
				DEVELOPMENT_TEAM = JQ29C66UG8;
				ENABLE_HARDENED_RUNTIME = YES;
				OTHER_CODE_SIGN_FLAGS = "$(inherited) -i $(PRODUCT_BUNDLE_IDENTIFIER)";
				PRODUCT_BUNDLE_IDENTIFIER = "com.npc-pet.Chats.watchdog";
				PRODUCT_NAME = "$(TARGET_NAME)";
				SKIP_INSTALL = YES;
				SWIFT_VERSION = 5.0;
			};
			name = Debug;
		};
		A1A286F82A7E17750004967A /* Release */ = {
			isa = XCBuildConfiguration;
			buildSettings = {
				CODE_SIGN_ENTITLEMENTS = "server-watchdog.entitlements";
				CODE_SIGN_INJECT_BASE_ENTITLEMENTS = NO;
				CODE_SIGN_STYLE = Automatic;
				DEVELOPMENT_TEAM = JQ29C66UG8;
				ENABLE_HARDENED_RUNTIME = YES;
				OTHER_CODE_SIGN_FLAGS = "$(inherited) -i $(PRODUCT_BUNDLE_IDENTIFIER)";
				PRODUCT_BUNDLE_IDENTIFIER = "com.npc-pet.Chats.watchdog";
				PRODUCT_NAME = "$(TARGET_NAME)";
				SKIP_INSTALL = YES;
				SWIFT_VERSION = 5.0;
			};
			name = Release;
		};
		A1F6174A2A782AA200F2048C /* Debug */ = {
			isa = XCBuildConfiguration;
			buildSettings = {
				ALWAYS_SEARCH_USER_PATHS = NO;
				ASSETCATALOG_COMPILER_GENERATE_SWIFT_ASSET_SYMBOL_EXTENSIONS = YES;
				CLANG_ANALYZER_NONNULL = YES;
				CLANG_ANALYZER_NUMBER_OBJECT_CONVERSION = YES_AGGRESSIVE;
				CLANG_CXX_LANGUAGE_STANDARD = "gnu++20";
				CLANG_ENABLE_MODULES = YES;
				CLANG_ENABLE_OBJC_ARC = YES;
				CLANG_ENABLE_OBJC_WEAK = YES;
				CLANG_WARN_BLOCK_CAPTURE_AUTORELEASING = YES;
				CLANG_WARN_BOOL_CONVERSION = YES;
				CLANG_WARN_COMMA = YES;
				CLANG_WARN_CONSTANT_CONVERSION = YES;
				CLANG_WARN_DEPRECATED_OBJC_IMPLEMENTATIONS = YES;
				CLANG_WARN_DIRECT_OBJC_ISA_USAGE = YES_ERROR;
				CLANG_WARN_DOCUMENTATION_COMMENTS = YES;
				CLANG_WARN_EMPTY_BODY = YES;
				CLANG_WARN_ENUM_CONVERSION = YES;
				CLANG_WARN_INFINITE_RECURSION = YES;
				CLANG_WARN_INT_CONVERSION = YES;
				CLANG_WARN_NON_LITERAL_NULL_CONVERSION = YES;
				CLANG_WARN_OBJC_IMPLICIT_RETAIN_SELF = YES;
				CLANG_WARN_OBJC_LITERAL_CONVERSION = YES;
				CLANG_WARN_OBJC_ROOT_CLASS = YES_ERROR;
				CLANG_WARN_QUOTED_INCLUDE_IN_FRAMEWORK_HEADER = YES;
				CLANG_WARN_RANGE_LOOP_ANALYSIS = YES;
				CLANG_WARN_STRICT_PROTOTYPES = YES;
				CLANG_WARN_SUSPICIOUS_MOVE = YES;
				CLANG_WARN_UNGUARDED_AVAILABILITY = YES_AGGRESSIVE;
				CLANG_WARN_UNREACHABLE_CODE = YES;
				CLANG_WARN__DUPLICATE_METHOD_MATCH = YES;
				COPY_PHASE_STRIP = NO;
				DEAD_CODE_STRIPPING = YES;
				DEBUG_INFORMATION_FORMAT = dwarf;
				ENABLE_STRICT_OBJC_MSGSEND = YES;
				ENABLE_TESTABILITY = YES;
				ENABLE_USER_SCRIPT_SANDBOXING = YES;
				GCC_C_LANGUAGE_STANDARD = gnu11;
				GCC_DYNAMIC_NO_PIC = NO;
				GCC_NO_COMMON_BLOCKS = YES;
				GCC_OPTIMIZATION_LEVEL = 0;
				GCC_PREPROCESSOR_DEFINITIONS = (
					"DEBUG=1",
					"$(inherited)",
				);
				GCC_WARN_64_TO_32_BIT_CONVERSION = YES;
				GCC_WARN_ABOUT_RETURN_TYPE = YES_ERROR;
				GCC_WARN_UNDECLARED_SELECTOR = YES;
				GCC_WARN_UNINITIALIZED_AUTOS = YES_AGGRESSIVE;
				GCC_WARN_UNUSED_FUNCTION = YES;
				GCC_WARN_UNUSED_VARIABLE = YES;
				MACOSX_DEPLOYMENT_TARGET = 13.3;
				MTL_ENABLE_DEBUG_INFO = INCLUDE_SOURCE;
				MTL_FAST_MATH = YES;
				ONLY_ACTIVE_ARCH = YES;
				SDKROOT = macosx;
				SWIFT_ACTIVE_COMPILATION_CONDITIONS = DEBUG;
				SWIFT_OPTIMIZATION_LEVEL = "-Onone";
			};
			name = Debug;
		};
		A1F6174B2A782AA200F2048C /* Release */ = {
			isa = XCBuildConfiguration;
			buildSettings = {
				ALWAYS_SEARCH_USER_PATHS = NO;
				ASSETCATALOG_COMPILER_GENERATE_SWIFT_ASSET_SYMBOL_EXTENSIONS = YES;
				CLANG_ANALYZER_NONNULL = YES;
				CLANG_ANALYZER_NUMBER_OBJECT_CONVERSION = YES_AGGRESSIVE;
				CLANG_CXX_LANGUAGE_STANDARD = "gnu++20";
				CLANG_ENABLE_MODULES = YES;
				CLANG_ENABLE_OBJC_ARC = YES;
				CLANG_ENABLE_OBJC_WEAK = YES;
				CLANG_WARN_BLOCK_CAPTURE_AUTORELEASING = YES;
				CLANG_WARN_BOOL_CONVERSION = YES;
				CLANG_WARN_COMMA = YES;
				CLANG_WARN_CONSTANT_CONVERSION = YES;
				CLANG_WARN_DEPRECATED_OBJC_IMPLEMENTATIONS = YES;
				CLANG_WARN_DIRECT_OBJC_ISA_USAGE = YES_ERROR;
				CLANG_WARN_DOCUMENTATION_COMMENTS = YES;
				CLANG_WARN_EMPTY_BODY = YES;
				CLANG_WARN_ENUM_CONVERSION = YES;
				CLANG_WARN_INFINITE_RECURSION = YES;
				CLANG_WARN_INT_CONVERSION = YES;
				CLANG_WARN_NON_LITERAL_NULL_CONVERSION = YES;
				CLANG_WARN_OBJC_IMPLICIT_RETAIN_SELF = YES;
				CLANG_WARN_OBJC_LITERAL_CONVERSION = YES;
				CLANG_WARN_OBJC_ROOT_CLASS = YES_ERROR;
				CLANG_WARN_QUOTED_INCLUDE_IN_FRAMEWORK_HEADER = YES;
				CLANG_WARN_RANGE_LOOP_ANALYSIS = YES;
				CLANG_WARN_STRICT_PROTOTYPES = YES;
				CLANG_WARN_SUSPICIOUS_MOVE = YES;
				CLANG_WARN_UNGUARDED_AVAILABILITY = YES_AGGRESSIVE;
				CLANG_WARN_UNREACHABLE_CODE = YES;
				CLANG_WARN__DUPLICATE_METHOD_MATCH = YES;
				COPY_PHASE_STRIP = NO;
				DEAD_CODE_STRIPPING = YES;
				DEBUG_INFORMATION_FORMAT = "dwarf-with-dsym";
				ENABLE_NS_ASSERTIONS = NO;
				ENABLE_STRICT_OBJC_MSGSEND = YES;
				ENABLE_USER_SCRIPT_SANDBOXING = YES;
				GCC_C_LANGUAGE_STANDARD = gnu11;
				GCC_NO_COMMON_BLOCKS = YES;
				GCC_WARN_64_TO_32_BIT_CONVERSION = YES;
				GCC_WARN_ABOUT_RETURN_TYPE = YES_ERROR;
				GCC_WARN_UNDECLARED_SELECTOR = YES;
				GCC_WARN_UNINITIALIZED_AUTOS = YES_AGGRESSIVE;
				GCC_WARN_UNUSED_FUNCTION = YES;
				GCC_WARN_UNUSED_VARIABLE = YES;
				MACOSX_DEPLOYMENT_TARGET = 13.3;
				MTL_ENABLE_DEBUG_INFO = NO;
				MTL_FAST_MATH = YES;
				SDKROOT = macosx;
				SWIFT_COMPILATION_MODE = wholemodule;
				SWIFT_OPTIMIZATION_LEVEL = "-O";
			};
			name = Release;
		};
		A1F6174D2A782AA200F2048C /* Debug */ = {
			isa = XCBuildConfiguration;
			buildSettings = {
				ASSETCATALOG_COMPILER_APPICON_NAME = AppIcon;
				ASSETCATALOG_COMPILER_GLOBAL_ACCENT_COLOR_NAME = AccentColor;
				CODE_SIGN_ENTITLEMENTS = FreeChat/FreeChat.entitlements;
				CODE_SIGN_IDENTITY = "Apple Development";
				CODE_SIGN_STYLE = Automatic;
				COMBINE_HIDPI_IMAGES = YES;
				CURRENT_PROJECT_VERSION = 46;
				DEAD_CODE_STRIPPING = YES;
				DEVELOPMENT_ASSET_PATHS = "\"FreeChat/Preview Content\"";
				DEVELOPMENT_TEAM = JQ29C66UG8;
				ENABLE_APP_SANDBOX = YES;
				ENABLE_HARDENED_RUNTIME = YES;
				ENABLE_PREVIEWS = YES;
				GENERATE_INFOPLIST_FILE = YES;
				INFOPLIST_FILE = FreeChat/Info.plist;
				INFOPLIST_KEY_CFBundleDisplayName = FreeChat;
				INFOPLIST_KEY_LSApplicationCategoryType = "public.app-category.utilities";
				INFOPLIST_KEY_LSUIElement = NO;
				INFOPLIST_KEY_NSHumanReadableCopyright = "";
				LD_RUNPATH_SEARCH_PATHS = (
					"$(inherited)",
					"@executable_path/../Frameworks",
				);
				MACOSX_DEPLOYMENT_TARGET = 13.0;
				MARKETING_VERSION = 1.0.8;
				PRODUCT_BUNDLE_IDENTIFIER = "com.npc-pet.Chats";
				PRODUCT_NAME = "$(TARGET_NAME)";
				PROVISIONING_PROFILE_SPECIFIER = "";
				SWIFT_EMIT_LOC_STRINGS = YES;
				SWIFT_STRICT_CONCURRENCY = targeted;
				SWIFT_VERSION = 5.0;
			};
			name = Debug;
		};
		A1F6174E2A782AA200F2048C /* Release */ = {
			isa = XCBuildConfiguration;
			buildSettings = {
				ASSETCATALOG_COMPILER_APPICON_NAME = AppIcon;
				ASSETCATALOG_COMPILER_GLOBAL_ACCENT_COLOR_NAME = AccentColor;
				CODE_SIGN_ENTITLEMENTS = FreeChat/FreeChat.entitlements;
				CODE_SIGN_IDENTITY = "Apple Development";
				CODE_SIGN_STYLE = Automatic;
				COMBINE_HIDPI_IMAGES = YES;
				CURRENT_PROJECT_VERSION = 46;
				DEAD_CODE_STRIPPING = YES;
				DEVELOPMENT_ASSET_PATHS = "\"FreeChat/Preview Content\"";
				DEVELOPMENT_TEAM = JQ29C66UG8;
				ENABLE_APP_SANDBOX = YES;
				ENABLE_HARDENED_RUNTIME = YES;
				ENABLE_PREVIEWS = YES;
				GENERATE_INFOPLIST_FILE = YES;
				INFOPLIST_FILE = FreeChat/Info.plist;
				INFOPLIST_KEY_CFBundleDisplayName = FreeChat;
				INFOPLIST_KEY_LSApplicationCategoryType = "public.app-category.utilities";
				INFOPLIST_KEY_LSUIElement = NO;
				INFOPLIST_KEY_NSHumanReadableCopyright = "";
				LD_RUNPATH_SEARCH_PATHS = (
					"$(inherited)",
					"@executable_path/../Frameworks",
				);
				MACOSX_DEPLOYMENT_TARGET = 13.0;
				MARKETING_VERSION = 1.0.8;
				PRODUCT_BUNDLE_IDENTIFIER = "com.npc-pet.Chats";
				PRODUCT_NAME = "$(TARGET_NAME)";
				PROVISIONING_PROFILE_SPECIFIER = "";
				SWIFT_EMIT_LOC_STRINGS = YES;
				SWIFT_STRICT_CONCURRENCY = targeted;
				SWIFT_VERSION = 5.0;
			};
			name = Release;
		};
		A1F617502A782AA200F2048C /* Debug */ = {
			isa = XCBuildConfiguration;
			buildSettings = {
				ALWAYS_EMBED_SWIFT_STANDARD_LIBRARIES = YES;
				BUNDLE_LOADER = "$(TEST_HOST)";
				CODE_SIGN_STYLE = Automatic;
				CURRENT_PROJECT_VERSION = 1;
				DEAD_CODE_STRIPPING = YES;
				DEVELOPMENT_TEAM = JQ29C66UG8;
				GENERATE_INFOPLIST_FILE = YES;
				MACOSX_DEPLOYMENT_TARGET = 13.5;
				MARKETING_VERSION = 1.0;
				PRODUCT_BUNDLE_IDENTIFIER = "com.npc-pet.MantrasTests";
				PRODUCT_NAME = "$(TARGET_NAME)";
				SWIFT_EMIT_LOC_STRINGS = NO;
				SWIFT_STRICT_CONCURRENCY = minimal;
				SWIFT_VERSION = 5.0;
				TEST_HOST = "$(BUILT_PRODUCTS_DIR)/FreeChat.app/$(BUNDLE_EXECUTABLE_FOLDER_PATH)/FreeChat";
			};
			name = Debug;
		};
		A1F617512A782AA200F2048C /* Release */ = {
			isa = XCBuildConfiguration;
			buildSettings = {
				ALWAYS_EMBED_SWIFT_STANDARD_LIBRARIES = YES;
				BUNDLE_LOADER = "$(TEST_HOST)";
				CODE_SIGN_STYLE = Automatic;
				CURRENT_PROJECT_VERSION = 1;
				DEAD_CODE_STRIPPING = YES;
				DEVELOPMENT_TEAM = JQ29C66UG8;
				GENERATE_INFOPLIST_FILE = YES;
				MACOSX_DEPLOYMENT_TARGET = 13.5;
				MARKETING_VERSION = 1.0;
				PRODUCT_BUNDLE_IDENTIFIER = "com.npc-pet.MantrasTests";
				PRODUCT_NAME = "$(TARGET_NAME)";
				SWIFT_EMIT_LOC_STRINGS = NO;
				SWIFT_STRICT_CONCURRENCY = minimal;
				SWIFT_VERSION = 5.0;
				TEST_HOST = "$(BUILT_PRODUCTS_DIR)/FreeChat.app/$(BUNDLE_EXECUTABLE_FOLDER_PATH)/FreeChat";
			};
			name = Release;
		};
		A1F617532A782AA200F2048C /* Debug */ = {
			isa = XCBuildConfiguration;
			buildSettings = {
				ALWAYS_EMBED_SWIFT_STANDARD_LIBRARIES = YES;
				CODE_SIGN_STYLE = Automatic;
				CURRENT_PROJECT_VERSION = 1;
				DEAD_CODE_STRIPPING = YES;
				DEVELOPMENT_TEAM = JQ29C66UG8;
				GENERATE_INFOPLIST_FILE = YES;
				MARKETING_VERSION = 1.0;
				PRODUCT_BUNDLE_IDENTIFIER = "com.npc-pet.MantrasUITests";
				PRODUCT_NAME = "$(TARGET_NAME)";
				PROVISIONING_PROFILE = "";
				SWIFT_EMIT_LOC_STRINGS = NO;
				SWIFT_VERSION = 5.0;
				TEST_TARGET_NAME = FreeChat;
			};
			name = Debug;
		};
		A1F617542A782AA200F2048C /* Release */ = {
			isa = XCBuildConfiguration;
			buildSettings = {
				ALWAYS_EMBED_SWIFT_STANDARD_LIBRARIES = YES;
				CODE_SIGN_STYLE = Automatic;
				CURRENT_PROJECT_VERSION = 1;
				DEAD_CODE_STRIPPING = YES;
				DEVELOPMENT_TEAM = JQ29C66UG8;
				GENERATE_INFOPLIST_FILE = YES;
				MARKETING_VERSION = 1.0;
				PRODUCT_BUNDLE_IDENTIFIER = "com.npc-pet.MantrasUITests";
				PRODUCT_NAME = "$(TARGET_NAME)";
				PROVISIONING_PROFILE = "";
				SWIFT_EMIT_LOC_STRINGS = NO;
				SWIFT_VERSION = 5.0;
				TEST_TARGET_NAME = FreeChat;
			};
			name = Release;
		};
/* End XCBuildConfiguration section */

/* Begin XCConfigurationList section */
		A1A286F62A7E17750004967A /* Build configuration list for PBXNativeTarget "server-watchdog" */ = {
			isa = XCConfigurationList;
			buildConfigurations = (
				A1A286F72A7E17750004967A /* Debug */,
				A1A286F82A7E17750004967A /* Release */,
			);
			defaultConfigurationIsVisible = 0;
			defaultConfigurationName = Release;
		};
		A1F6171D2A782AA100F2048C /* Build configuration list for PBXProject "FreeChat" */ = {
			isa = XCConfigurationList;
			buildConfigurations = (
				A1F6174A2A782AA200F2048C /* Debug */,
				A1F6174B2A782AA200F2048C /* Release */,
			);
			defaultConfigurationIsVisible = 0;
			defaultConfigurationName = Release;
		};
		A1F6174C2A782AA200F2048C /* Build configuration list for PBXNativeTarget "FreeChat" */ = {
			isa = XCConfigurationList;
			buildConfigurations = (
				A1F6174D2A782AA200F2048C /* Debug */,
				A1F6174E2A782AA200F2048C /* Release */,
			);
			defaultConfigurationIsVisible = 0;
			defaultConfigurationName = Release;
		};
		A1F6174F2A782AA200F2048C /* Build configuration list for PBXNativeTarget "FreeChatTests" */ = {
			isa = XCConfigurationList;
			buildConfigurations = (
				A1F617502A782AA200F2048C /* Debug */,
				A1F617512A782AA200F2048C /* Release */,
			);
			defaultConfigurationIsVisible = 0;
			defaultConfigurationName = Release;
		};
		A1F617522A782AA200F2048C /* Build configuration list for PBXNativeTarget "FreeChatUITests" */ = {
			isa = XCConfigurationList;
			buildConfigurations = (
				A1F617532A782AA200F2048C /* Debug */,
				A1F617542A782AA200F2048C /* Release */,
			);
			defaultConfigurationIsVisible = 0;
			defaultConfigurationName = Release;
		};
/* End XCConfigurationList section */

/* Begin XCRemoteSwiftPackageReference section */
		A117219A2A7D7B70003B0358 /* XCRemoteSwiftPackageReference "swift-markdown-ui" */ = {
			isa = XCRemoteSwiftPackageReference;
			repositoryURL = "https://github.com/gonzalezreal/swift-markdown-ui";
			requirement = {
				kind = upToNextMajorVersion;
				minimumVersion = 2.0.0;
			};
		};
		A137A38A2AB6B2F800BE1AE0 /* XCRemoteSwiftPackageReference "KeyboardShortcuts" */ = {
			isa = XCRemoteSwiftPackageReference;
			repositoryURL = "https://github.com/sindresorhus/KeyboardShortcuts";
			requirement = {
				kind = upToNextMajorVersion;
				minimumVersion = 1.0.0;
			};
		};
		A13C8C5B2A8FEF0600EC18D8 /* XCRemoteSwiftPackageReference "Splash" */ = {
			isa = XCRemoteSwiftPackageReference;
			repositoryURL = "https://github.com/JohnSundell/Splash";
			requirement = {
				kind = upToNextMajorVersion;
				minimumVersion = 0.16.0;
			};
		};
		A17A2E1D2A79A075006CDD90 /* XCRemoteSwiftPackageReference "EventSource" */ = {
			isa = XCRemoteSwiftPackageReference;
			repositoryURL = "https://github.com/Recouse/EventSource.git";
			requirement = {
				kind = upToNextMajorVersion;
				minimumVersion = 0.0.5;
			};
		};
/* End XCRemoteSwiftPackageReference section */

/* Begin XCSwiftPackageProductDependency section */
		A117219B2A7D7B70003B0358 /* MarkdownUI */ = {
			isa = XCSwiftPackageProductDependency;
			package = A117219A2A7D7B70003B0358 /* XCRemoteSwiftPackageReference "swift-markdown-ui" */;
			productName = MarkdownUI;
		};
		A137A38B2AB6B2F800BE1AE0 /* KeyboardShortcuts */ = {
			isa = XCSwiftPackageProductDependency;
			package = A137A38A2AB6B2F800BE1AE0 /* XCRemoteSwiftPackageReference "KeyboardShortcuts" */;
			productName = KeyboardShortcuts;
		};
		A13C8C5C2A8FEF0600EC18D8 /* Splash */ = {
			isa = XCSwiftPackageProductDependency;
			package = A13C8C5B2A8FEF0600EC18D8 /* XCRemoteSwiftPackageReference "Splash" */;
			productName = Splash;
		};
		A17A2E072A798F4C006CDD90 /* NPC */ = {
			isa = XCSwiftPackageProductDependency;
			productName = NPC;
		};
		A17A2E1E2A79A075006CDD90 /* EventSource */ = {
			isa = XCSwiftPackageProductDependency;
			package = A17A2E1D2A79A075006CDD90 /* XCRemoteSwiftPackageReference "EventSource" */;
			productName = EventSource;
		};
/* End XCSwiftPackageProductDependency section */

/* Begin XCVersionGroup section */
		A1F617302A782AA200F2048C /* Chats.xcdatamodeld */ = {
			isa = XCVersionGroup;
			children = (
				A1F617312A782AA200F2048C /* Mantras.xcdatamodel */,
			);
			currentVersion = A1F617312A782AA200F2048C /* Mantras.xcdatamodel */;
			path = Chats.xcdatamodeld;
			sourceTree = "<group>";
			versionGroupType = wrapper.xcdatamodel;
		};
/* End XCVersionGroup section */
	};
	rootObject = A1F6171A2A782AA100F2048C /* Project object */;
}
